# This file is automatically @generated by Cargo.
# It is not intended for manual editing.
version = 4

[[package]]
name = "rust-app"
version = "0.1.0"
dependencies = [
 "rust-lib",
]

[[package]]
name = "rust-lib"
version = "0.1.0"
source = "registry+https://github.com/rust-lang/crates.io-index"
checksum = "70aac547da4355f8614508ccaaa0df806682c9586f07d5d5614a3b67033c418a"
